PODS:
  - Flutter (1.0.0)
  - goapptiv_document_scanner (2.0.0):
    - Flutter
    - WeScan
  - path_provider_foundation (0.0.1):
    - Flutter
    - FlutterMacOS
  - permission_handler_apple (9.1.1):
    - Flutter
  - WeScan (3.0.0)

DEPENDENCIES:
  - Flutter (from `Flutter`)
  - goapptiv_document_scanner (from `.symlinks/plugins/goapptiv_document_scanner/ios`)
  - path_provider_foundation (from `.symlinks/plugins/path_provider_foundation/darwin`)
  - permission_handler_apple (from `.symlinks/plugins/permission_handler_apple/ios`)
  - WeScan (from `.symlinks/plugins/goapptiv_document_scanner/ios/WeScan-3.0.0`)

EXTERNAL SOURCES:
  Flutter:
    :path: Flutter
  goapptiv_document_scanner:
    :path: ".symlinks/plugins/goapptiv_document_scanner/ios"
  path_provider_foundation:
    :path: ".symlinks/plugins/path_provider_foundation/darwin"
  permission_handler_apple:
    :path: ".symlinks/plugins/permission_handler_apple/ios"
  WeScan:
    :path: ".symlinks/plugins/goapptiv_document_scanner/ios/WeScan-3.0.0"

SPEC CHECKSUMS:
  Flutter: f04841e97a9d0b0a8025694d0796dd46242b2854
  goapptiv_document_scanner: 915a65dbc2174d0cce2c0db5862ca2e89f57300b
  path_provider_foundation: 29f094ae23ebbca9d3d0cec13889cd9060c0e943
  permission_handler_apple: e76247795d700c14ea09e3a2d8855d41ee80a2e6
  WeScan: f50277f7304d146d9ebc4ebdc1b587df84dcdd8b

PODFILE CHECKSUM: c28c1599ecc35960bd8916144c917e1f946d763a

COCOAPODS: 1.12.1
